
Microsoft Visual Studio Solution File, Format Version 12.00
# Visual Studio Version 17
VisualStudioVersion = 17.8.34330.188
MinimumVisualStudioVersion = 10.0.40219.1
Project("{9A19103F-16F7-4668-BE54-9A1E7A4F7556}") = "OPCUA VERİ ÇEKME APİ", "OPCUA VERİ ÇEKME APİ\OPCUA VERİ ÇEKME APİ.csproj", "{B365E312-811B-4240-B7A1-90C7312AE8C2}"
EndProject
Project("{9A19103F-16F7-4668-BE54-9A1E7A4F7556}") = "Opc.Ua.Client", "..\..\..\OneDrive\Masaüstü\UA-.NETStandard-master\Libraries\Opc.Ua.Client\Opc.Ua.Client.csproj", "{D98473B4-5563-4528-88A6-25CB77242352}"
EndProject
Global
	GlobalSection(SolutionConfigurationPlatforms) = preSolution
		Debug|Any CPU = Debug|Any CPU
		Release|Any CPU = Release|Any CPU
	EndGlobalSection
	GlobalSection(ProjectConfigurationPlatforms) = postSolution
		{B365E312-811B-4240-B7A1-90C7312AE8C2}.Debug|Any CPU.ActiveCfg = Debug|Any CPU
		{B365E312-811B-4240-B7A1-90C7312AE8C2}.Debug|Any CPU.Build.0 = Debug|Any CPU
		{B365E312-811B-4240-B7A1-90C7312AE8C2}.Release|Any CPU.ActiveCfg = Release|Any CPU
		{B365E312-811B-4240-B7A1-90C7312AE8C2}.Release|Any CPU.Build.0 = Release|Any CPU
		{D98473B4-5563-4528-88A6-25CB77242352}.Debug|Any CPU.ActiveCfg = Debug|Any CPU
		{D98473B4-5563-4528-88A6-25CB77242352}.Debug|Any CPU.Build.0 = Debug|Any CPU
		{D98473B4-5563-4528-88A6-25CB77242352}.Release|Any CPU.ActiveCfg = Release|Any CPU
		{D98473B4-5563-4528-88A6-25CB77242352}.Release|Any CPU.Build.0 = Release|Any CPU
	EndGlobalSection
	GlobalSection(SolutionProperties) = preSolution
		HideSolutionNode = FALSE
	EndGlobalSection
	GlobalSection(ExtensibilityGlobals) = postSolution
		SolutionGuid = {09D50822-5E53-4FCB-AA8F-A32A6A1279E2}
	EndGlobalSection
EndGlobal
